# This file is automatically @generated by Cargo.
# It is not intended for manual editing.
version = 3

[[package]]
name = "cpu"
version = "0.1.0"

[[package]]
name = "devices"
version = "0.1.0"

[[package]]
name = "kernel"
version = "0.1.0"
dependencies = [
 "devices",
 "process",
 "runtime",
]

[[package]]
name = "process"
version = "0.1.0"
dependencies = [
 "cpu",
]

[[package]]
name = "runtime"
version = "0.1.0"
